
Microsoft Visual Studio Solution File, Format Version 12.00
# Visual Studio Version 17
VisualStudioVersion = 17.2.32630.192
MinimumVisualStudioVersion = 10.0.40219.1
Project("{8BC9CEB8-8B4A-11D0-8D11-00A0C91BC942}") = "GnGAnalyzer_v01", "GnGAnalyzer_v01.vcxproj", "{7025DF8A-DCF0-3C4E-8D30-4FA3CC249D42}"
EndProject
Global
	GlobalSection(SolutionConfigurationPlatforms) = preSolution
		Debug|x64 = Debug|x64
		Release|x64 = Release|x64
	EndGlobalSection
	GlobalSection(ProjectConfigurationPlatforms) = postSolution
		{7025DF8A-DCF0-3C4E-8D30-4FA3CC249D42}.Debug|x64.ActiveCfg = Debug|x64
		{7025DF8A-DCF0-3C4E-8D30-4FA3CC249D42}.Debug|x64.Build.0 = Debug|x64
		{7025DF8A-DCF0-3C4E-8D30-4FA3CC249D42}.Release|x64.ActiveCfg = Release|x64
		{7025DF8A-DCF0-3C4E-8D30-4FA3CC249D42}.Release|x64.Build.0 = Release|x64
	EndGlobalSection
	GlobalSection(SolutionProperties) = preSolution
		HideSolutionNode = FALSE
	EndGlobalSection
	GlobalSection(ExtensibilityGlobals) = postSolution
		SolutionGuid = {44735BA2-9D9A-4D27-8ADF-1E1EB9005D52}
	EndGlobalSection
EndGlobal
