<?xml version="1.0" encoding="utf-8"?>
<Project xmlns="http://schemas.microsoft.com/developer/msbuild/2003">
  <ItemGroup>
    <Filter Include="Form Files">
      <UniqueIdentifier>{99349809-55BA-4b9d-BF79-8FDBB0286EB3}</UniqueIdentifier>
      <Extensions>ui</Extensions>
      <ParseFiles>false</ParseFiles>
    </Filter>
    <Filter Include="Form Files">
      <UniqueIdentifier>{99349809-55BA-4b9d-BF79-8FDBB0286EB3}</UniqueIdentifier>
      <Extensions>ui</Extensions>
      <ParseFiles>false</ParseFiles>
    </Filter>
    <Filter Include="Generated Files">
      <UniqueIdentifier>{71ED8ED8-ACB9-4CE9-BBE1-E00B30144E11}</UniqueIdentifier>
      <Extensions>cpp;c;cxx;moc;h;def;odl;idl;res;</Extensions>
    </Filter>
    <Filter Include="Generated Files">
      <UniqueIdentifier>{71ED8ED8-ACB9-4CE9-BBE1-E00B30144E11}</UniqueIdentifier>
      <Extensions>cpp;c;cxx;moc;h;def;odl;idl;res;</Extensions>
    </Filter>
    <Filter Include="Header Files">
      <UniqueIdentifier>{93995380-89BD-4b04-88EB-625FBE52EBFB}</UniqueIdentifier>
      <Extensions>h;hpp;hxx;hm;inl;inc;xsd</Extensions>
    </Filter>
    <Filter Include="Header Files">
      <UniqueIdentifier>{93995380-89BD-4b04-88EB-625FBE52EBFB}</UniqueIdentifier>
      <Extensions>h;hpp;hxx;hm;inl;inc;xsd</Extensions>
    </Filter>
    <Filter Include="Source Files">
      <UniqueIdentifier>{4FC737F1-C7A5-4376-A066-2A32D752A2FF}</UniqueIdentifier>
      <Extensions>cpp;c;cxx;def;odl;idl;hpj;bat;asm;asmx</Extensions>
    </Filter>
    <Filter Include="Source Files">
      <UniqueIdentifier>{4FC737F1-C7A5-4376-A066-2A32D752A2FF}</UniqueIdentifier>
      <Extensions>cpp;c;cxx;def;odl;idl;hpj;bat;asm;asmx</Extensions>
    </Filter>
  </ItemGroup>
  <ItemGroup>
    <ClCompile Include="cGLWindow.cpp">
      <Filter>Source Files</Filter>
    </ClCompile>
    <ClCompile Include="cLocXYZ.cpp">
      <Filter>Source Files</Filter>
    </ClCompile>
    <ClCompile Include="cSegYReadWrite.cpp">
      <Filter>Source Files</Filter>
    </ClCompile>
    <ClCompile Include="cSegYTempla.cpp">
      <Filter>Source Files</Filter>
    </ClCompile>
    <ClCompile Include="cSeisData.cpp">
      <Filter>Source Files</Filter>
    </ClCompile>
    <ClCompile Include="cSeisHdrTableView.cpp">
      <Filter>Source Files</Filter>
    </ClCompile>
    <ClCompile Include="cerrwarninfo.cpp">
      <Filter>Source Files</Filter>
    </ClCompile>
    <ClCompile Include="csegyFunc.cpp">
      <Filter>Source Files</Filter>
    </ClCompile>
    <ClCompile Include="csegydlg.cpp">
      <Filter>Source Files</Filter>
    </ClCompile>
    <ClCompile Include="infodialog.cpp">
      <Filter>Source Files</Filter>
    </ClCompile>
    <ClCompile Include="main.cpp">
      <Filter>Source Files</Filter>
    </ClCompile>
    <ClCompile Include="mainwindow.cpp">
      <Filter>Source Files</Filter>
    </ClCompile>
  </ItemGroup>
  <ItemGroup>
    <ClInclude Include="AllEnums.h">
      <Filter>Header Files</Filter>
    </ClInclude>
    <QtMoc Include="cColorBar.h">
      <Filter>Header Files</Filter>
    </QtMoc>
    <ClInclude Include="cColorMap.h">
      <Filter>Header Files</Filter>
    </ClInclude>
    <QtMoc Include="cGLWindow.h">
      <Filter>Header Files</Filter>
    </QtMoc>
    <ClInclude Include="cLocXYZ.h">
      <Filter>Header Files</Filter>
    </ClInclude>
    <ClInclude Include="cSegYReadWrite.h">
      <Filter>Header Files</Filter>
    </ClInclude>
    <ClInclude Include="cSegYTempla.h">
      <Filter>Header Files</Filter>
    </ClInclude>
    <QtMoc Include="cSeisData.h">
      <Filter>Header Files</Filter>
    </QtMoc>
    <ClInclude Include="cSeisGather.h">
      <Filter>Header Files</Filter>
    </ClInclude>
    <ClInclude Include="cSeisHdr.h">
      <Filter>Header Files</Filter>
    </ClInclude>
    <QtMoc Include="cSeisHdrTableView.h">
      <Filter>Header Files</Filter>
    </QtMoc>
    <ClInclude Include="cbinhdr.h">
      <Filter>Header Files</Filter>
    </ClInclude>
    <ClInclude Include="cerrwarninfo.h">
      <Filter>Header Files</Filter>
    </ClInclude>
    <ClInclude Include="csegyFunc.h">
      <Filter>Header Files</Filter>
    </ClInclude>
    <QtMoc Include="csegydlg.h">
      <Filter>Header Files</Filter>
    </QtMoc>
    <ClInclude Include="csortorder.h">
      <Filter>Header Files</Filter>
    </ClInclude>
    <QtMoc Include="infodialog.h">
      <Filter>Header Files</Filter>
    </QtMoc>
    <QtMoc Include="mainwindow.h">
      <Filter>Header Files</Filter>
    </QtMoc>
    
    
    
  </ItemGroup>
  <ItemGroup>
    
    
    
    
    
    
    
    
    
    
    
    
    
    
    <CustomBuild Include="debug\moc_predefs.h.cbt">
      <Filter>Generated Files</Filter>
    </CustomBuild>
    <CustomBuild Include="release\moc_predefs.h.cbt">
      <Filter>Generated Files</Filter>
    </CustomBuild>
    
    
    
    
    
    
  </ItemGroup>
  <ItemGroup>
    <QtUic Include="cfilesel.ui">
      <Filter>Form Files</Filter>
    </QtUic>
    <QtUic Include="chdrdisplay.ui">
      <Filter>Form Files</Filter>
    </QtUic>
    <QtUic Include="csegydlg.ui">
      <Filter>Form Files</Filter>
    </QtUic>
    <QtUic Include="cselsorthdrs.ui">
      <Filter>Form Files</Filter>
    </QtUic>
    <QtUic Include="infodialog.ui">
      <Filter>Form Files</Filter>
    </QtUic>
    <QtUic Include="mainwindow.ui">
      <Filter>Form Files</Filter>
    </QtUic>
  </ItemGroup>
</Project>